Microsoft Visual Studio Solution File, Format Version 12.00
# Visual Studio 2012
Project("{FAE04EC0-301F-11D3-BF4B-00C04F79EFBC}") = "Power Lever", "Power Lever.csproj", "{DB3B549D-1876-4E8B-9D6D-690F5C430826}"
EndProject
Global
	GlobalSection(SolutionConfigurationPlatforms) = preSolution
	Debug|Any CPU = Debug|Any CPU
	ExportDebug|Any CPU = ExportDebug|Any CPU
	ExportRelease|Any CPU = ExportRelease|Any CPU
	EndGlobalSection
	GlobalSection(ProjectConfigurationPlatforms) = postSolution
		{DB3B549D-1876-4E8B-9D6D-690F5C430826}.Debug|Any CPU.ActiveCfg = Debug|Any CPU
		{DB3B549D-1876-4E8B-9D6D-690F5C430826}.Debug|Any CPU.Build.0 = Debug|Any CPU
		{DB3B549D-1876-4E8B-9D6D-690F5C430826}.ExportDebug|Any CPU.ActiveCfg = ExportDebug|Any CPU
		{DB3B549D-1876-4E8B-9D6D-690F5C430826}.ExportDebug|Any CPU.Build.0 = ExportDebug|Any CPU
		{DB3B549D-1876-4E8B-9D6D-690F5C430826}.ExportRelease|Any CPU.ActiveCfg = ExportRelease|Any CPU
		{DB3B549D-1876-4E8B-9D6D-690F5C430826}.ExportRelease|Any CPU.Build.0 = ExportRelease|Any CPU
	EndGlobalSection
EndGlobal
